
Microsoft Visual Studio Solution File, Format Version 12.00
# Visual Studio Version 17
VisualStudioVersion = 17.14.36616.10 d17.14
MinimumVisualStudioVersion = 10.0.40219.1
Project("{FAE04EC0-301F-11D3-BF4B-00C04F79EFBC}") = "Hello-Docker", "Hello-Docker\Hello-Docker.csproj", "{AE31411E-5E72-419D-910E-18BBA3D58B98}"
EndProject
Global
	GlobalSection(SolutionConfigurationPlatforms) = preSolution
		Debug|Any CPU = Debug|Any CPU
		Release|Any CPU = Release|Any CPU
	EndGlobalSection
	GlobalSection(ProjectConfigurationPlatforms) = postSolution
		{AE31411E-5E72-419D-910E-18BBA3D58B98}.Debug|Any CPU.ActiveCfg = Debug|Any CPU
		{AE31411E-5E72-419D-910E-18BBA3D58B98}.Debug|Any CPU.Build.0 = Debug|Any CPU
		{AE31411E-5E72-419D-910E-18BBA3D58B98}.Release|Any CPU.ActiveCfg = Release|Any CPU
		{AE31411E-5E72-419D-910E-18BBA3D58B98}.Release|Any CPU.Build.0 = Release|Any CPU
	EndGlobalSection
	GlobalSection(SolutionProperties) = preSolution
		HideSolutionNode = FALSE
	EndGlobalSection
	GlobalSection(ExtensibilityGlobals) = postSolution
		SolutionGuid = {A9EA0C28-7A1B-4C28-BADF-75B7C6EE2E6D}
	EndGlobalSection
EndGlobal
